
Microsoft Visual Studio Solution File, Format Version 12.00
# Visual Studio 15
VisualStudioVersion = 15.0.26430.12
MinimumVisualStudioVersion = 10.0.40219.1
Project("{FAE04EC0-301F-11D3-BF4B-00C04F79EFBC}") = "SPCB2013", "SPCB2013\SPCB2013.csproj", "{5D50CA48-CD1A-4F72-BF23-1F23AA9A42C9}"
EndProject
Global
	GlobalSection(SolutionConfigurationPlatforms) = preSolution
		Debug|Any CPU = Debug|Any CPU
		Debug15.0|Any CPU = Debug15.0|Any CPU
		Debug16.0|Any CPU = Debug16.0|Any CPU
		Release|Any CPU = Release|Any CPU
		Release15.0|Any CPU = Release15.0|Any CPU
		Release16.0|Any CPU = Release16.0|Any CPU
	EndGlobalSection
	GlobalSection(ProjectConfigurationPlatforms) = postSolution
		{5D50CA48-CD1A-4F72-BF23-1F23AA9A42C9}.Debug|Any CPU.ActiveCfg = Debug|Any CPU
		{5D50CA48-CD1A-4F72-BF23-1F23AA9A42C9}.Debug|Any CPU.Build.0 = Debug|Any CPU
		{5D50CA48-CD1A-4F72-BF23-1F23AA9A42C9}.Debug15.0|Any CPU.ActiveCfg = Debug15|Any CPU
		{5D50CA48-CD1A-4F72-BF23-1F23AA9A42C9}.Debug15.0|Any CPU.Build.0 = Debug15|Any CPU
		{5D50CA48-CD1A-4F72-BF23-1F23AA9A42C9}.Debug16.0|Any CPU.ActiveCfg = Debug16|Any CPU
		{5D50CA48-CD1A-4F72-BF23-1F23AA9A42C9}.Debug16.0|Any CPU.Build.0 = Debug16|Any CPU
		{5D50CA48-CD1A-4F72-BF23-1F23AA9A42C9}.Release|Any CPU.ActiveCfg = Release|Any CPU
		{5D50CA48-CD1A-4F72-BF23-1F23AA9A42C9}.Release|Any CPU.Build.0 = Release|Any CPU
		{5D50CA48-CD1A-4F72-BF23-1F23AA9A42C9}.Release15.0|Any CPU.ActiveCfg = Release15|Any CPU
		{5D50CA48-CD1A-4F72-BF23-1F23AA9A42C9}.Release15.0|Any CPU.Build.0 = Release15|Any CPU
		{5D50CA48-CD1A-4F72-BF23-1F23AA9A42C9}.Release16.0|Any CPU.ActiveCfg = Release16|Any CPU
		{5D50CA48-CD1A-4F72-BF23-1F23AA9A42C9}.Release16.0|Any CPU.Build.0 = Release16|Any CPU
	EndGlobalSection
	GlobalSection(SolutionProperties) = preSolution
		HideSolutionNode = FALSE
	EndGlobalSection
EndGlobal
